github.com/coder/websocket v1.8.15 h1:6B2JPeOGlpff2Uz6vOEH1Vzpi0iUz20A+lPVhPHtNUA=
github.com/coder/websocket v1.8.15/go.mod h1:NX3SzP+inril6yawo5CQXx8+fk145lPDC6pumgx0mVg=
github.com/flopp/go-findfont v0.1.0 h1:lPn0BymDUtJo+ZkV01VS3661HL6F4qFlkhcJN55u6mU=
github.com/flopp/go-findfont v0.1.0/go.mod h1:wKKxRDjD024Rh7VMwoU90i6ikQRCr+JTHB5n4Ejkqvw=
github.com/go-webgpu/goffi v0.6.3 h1:p4gKGikHBAQ/8iUiew9MV4C5M1ZGIsk8QGFGuJjMj+A=
github.com/go-webgpu/goffi v0.6.3/go.mod h1:wfoxNsJkU+5RFbV1kNN1kunhc1lFHuJKK3zpgx08/uM=
github.com/go-webgpu/webgpu v0.5.5 h1:pIrXzRg0LRlNjNmR+ZNo/ERN88YaObzbCY5oYhir5SA=
github.com/go-webgpu/webgpu v0.5.5/go.mod h1:vgIuNTa1UlZ4njCGY6Pmp/0c5T5o2Ml2fQ0znLc7B98=
github.com/gogpu/gogpu v0.54.0 h1:b+eaNxrbkMm8CT2qnObG9bLXbF0Xe0XixTZ9migzhlw=
github.com/gogpu/gogpu v0.54.0/go.mod h1:V6+0B+iXxgiQkdlRJvUyjiYrGRDoooxYNgw9qTCZN8w=
github.com/gogpu/gpucontext v0.31.3 h1:SMnYOQgr+s5issi1R/Oezbo8lV5Lb6HWUZ4HujFgrZA=
github.com/gogpu/gpucontext v0.31.3/go.mod h1:pnyWQA9lpvESPAKoqzKlsg3pDMFSkxdjonu4gWvnNtA=
github.com/gogpu/gputypes v0.8.0 h1:Iw4g9lqydTcAFKKQWfgbUpdY6WxObGtjf9SuRkzYMJw=
github.com/gogpu/gputypes v0.8.0/go.mod h1:cnXrDMwTpWTvJLW1Vreop3PcT6a2YP/i3s91rPaOavw=
github.com/gogpu/naga v0.19.0 h1:+Pu7kahdMhvRWtpEbTW5YFQZPoklccMO4vryEk6w9zU=
github.com/gogpu/naga v0.19.0/go.mod h1:15sQaHKkbqXcwTN+hHYGLsA0WBBnkmYzne/eF5p5WEg=
github.com/gogpu/wgpu v0.34.3 h1:oV7K5ueBqxZuvp1w9KpArzj15+eOrm/l9ZnM3jcKbXA=
github.com/gogpu/wgpu v0.34.3/go.mod h1:erhaIjD9psJKjHqAhn5MWdJETcACR1NGoqLhkTAHkFM=
github.com/z46-dev/arctic v0.0.3 h1:ePNhpnM38S11OH7Maco4CdgCEjypNO9eT3GJU1rAFxU=
github.com/z46-dev/arctic v0.0.3/go.mod h1:FbBMmDQiqUlM8UHj58ISDUlJtpCNNlC1oQCEICkg5Ko=
github.com/z46-dev/gctx2d v0.0.2 h1:/tQ/xbFFpSUmhm4bAY2d2UEvEDQh+HFD4+oPpovD9yI=
github.com/z46-dev/gctx2d v0.0.2/go.mod h1:pj+n4/LhG8MSsxcTCq7tBOcXbUXeyqUu+PIqRpBCdbE=
github.com/z46-dev/golog v0.0.0-20260324172018-d1a87bbdeb64 h1:KY2IxQAwISm/brHVhBGWXZjMttdoYf5h1J5StrRLZgM=
github.com/z46-dev/golog v0.0.0-20260324172018-d1a87bbdeb64/go.mod h1:NbT1GEG7RSgiGawFY58pylFq0eU7iJqOKn6tRKKHtDg=
golang.org/x/image v0.45.0 h1:FMb1nTbH5H9vF55SriQHgFw5GnNL9Jg6L25BwXKzhB0=
golang.org/x/image v0.45.0/go.mod h1:n62x/7RqlwXDvGsSU4u6IUTUf6KghUZ9Bt7cG/T9Fx4=
golang.org/x/sys v0.47.0 h1:o7XGOvZQCADBQQ4Y7VNq2dRWQR7JmOUW8Kxx4ZsNgWs=
golang.org/x/sys v0.47.0/go.mod h1:4GL1E5IUh+htKOUEOaiffhrAeqysfVGipDYzABqnCmw=
golang.org/x/text v0.41.0 h1:vz/seA0lnX87Othu2f/0L24RcgrXD9/YFTSuGjj3rH8=
golang.org/x/text v0.41.0/go.mod h1:jvf1O8ajNzZqhSrQBPbutR/EB83Cc0CFrezNQIwbb5M=
